
Microsoft Visual Studio Solution File, Format Version 12.00
# Visual Studio Version 17
VisualStudioVersion = 17.0.31903.59
MinimumVisualStudioVersion = 10.0.40219.1
Project("{FAE04EC0-301F-11D3-BF4B-00C04F79EFBC}") = "ReactIntegrationDemo", "ReactIntegrationDemo\ReactIntegrationDemo.csproj", "{DBDA2A11-9459-4AD2-BB90-5C3BDA22F725}"
EndProject
Global
	GlobalSection(SolutionConfigurationPlatforms) = preSolution
		Debug|Any CPU = Debug|Any CPU
		Release|Any CPU = Release|Any CPU
	EndGlobalSection
	GlobalSection(ProjectConfigurationPlatforms) = postSolution
		{DBDA2A11-9459-4AD2-BB90-5C3BDA22F725}.Debug|Any CPU.ActiveCfg = Debug|Any CPU
		{DBDA2A11-9459-4AD2-BB90-5C3BDA22F725}.Debug|Any CPU.Build.0 = Debug|Any CPU
		{DBDA2A11-9459-4AD2-BB90-5C3BDA22F725}.Release|Any CPU.ActiveCfg = Release|Any CPU
		{DBDA2A11-9459-4AD2-BB90-5C3BDA22F725}.Release|Any CPU.Build.0 = Release|Any CPU
	EndGlobalSection
	GlobalSection(SolutionProperties) = preSolution
		HideSolutionNode = FALSE
	EndGlobalSection
	GlobalSection(ExtensibilityGlobals) = postSolution
		SolutionGuid = {94DD0647-2490-4373-90BD-766C0D8D1391}
	EndGlobalSection
EndGlobal
